{
  "object": {
    "pins": [
      {
        "package": "Charts",
        "repositoryURL": "https://github.com/danielgindi/Charts",
        "state": {
          "branch": null,
          "revision": "66546404a6739173b8e436ab6bc1f2897cd08594",
          "version": "3.6.0"
        }
      },
      {
        "package": "Swifter",
        "repositoryURL": "https://github.com/mattdonnelly/Swifter",
        "state": {
          "branch": null,
          "revision": "480c30bdc59cba8be16d70a32207fe8b31fe1876",
          "version": "2.4.0"
        }
      }
    ]
  },
  "version": 1
}
